
Microsoft Visual Studio Solution File, Format Version 12.00
# Visual Studio Version 16
VisualStudioVersion = 16.0.30907.101
MinimumVisualStudioVersion = 10.0.40219.1
Project("{FAE04EC0-301F-11D3-BF4B-00C04F79EFBC}") = "ContosoUniversity", "ContosoUniversity.csproj", "{35F4E4B3-7C70-4C80-87BF-6DE6B74DD2EF}"
EndProject
Global
	GlobalSection(SolutionConfigurationPlatforms) = preSolution
		Debug|Any CPU = Debug|Any CPU
		Release|Any CPU = Release|Any CPU
	EndGlobalSection
	GlobalSection(ProjectConfigurationPlatforms) = postSolution
		{35F4E4B3-7C70-4C80-87BF-6DE6B74DD2EF}.Debug|Any CPU.ActiveCfg = Debug|Any CPU
		{35F4E4B3-7C70-4C80-87BF-6DE6B74DD2EF}.Debug|Any CPU.Build.0 = Debug|Any CPU
		{35F4E4B3-7C70-4C80-87BF-6DE6B74DD2EF}.Release|Any CPU.ActiveCfg = Release|Any CPU
		{35F4E4B3-7C70-4C80-87BF-6DE6B74DD2EF}.Release|Any CPU.Build.0 = Release|Any CPU
	EndGlobalSection
	GlobalSection(SolutionProperties) = preSolution
		HideSolutionNode = FALSE
	EndGlobalSection
	GlobalSection(ExtensibilityGlobals) = postSolution
		SolutionGuid = {CB04B111-DBC4-4EB7-8DF6-25F2191D4F2A}
	EndGlobalSection
EndGlobal
